<Solution>
  <Folder Name="/src/">
    <Project Path="src/AgentDock.Office/AgentDock.Office.csproj" />
    <Project Path="src/AgentDock.Office.Cli/AgentDock.Office.Cli.csproj" />
  </Folder>
  <Folder Name="/tests/">
    <Project Path="tests/AgentDock.Office.Tests/AgentDock.Office.Tests.csproj" />
    <Project Path="tests/AgentDock.Office.Cli.Tests/AgentDock.Office.Cli.Tests.csproj" />
  </Folder>
</Solution>
